
Microsoft Visual Studio Solution File, Format Version 12.00
# Visual Studio Version 16
VisualStudioVersion = 16.0.30413.136
MinimumVisualStudioVersion = 10.0.40219.1
Project("{9A19103F-16F7-4668-BE54-9A1E7A4F7556}") = "KioskBrains.Server.Web", "Server\KioskBrains.Server.Web\KioskBrains.Server.Web.csproj", "{68AB285C-1425-4375-939C-C82F9980B931}"
EndProject
Project("{2150E333-8FDC-42A3-9474-1A3956D46DE8}") = "Server", "Server", "{B71A925F-1B2E-4841-A31F-F8A7B7B10D4A}"
EndProject
Project("{9A19103F-16F7-4668-BE54-9A1E7A4F7556}") = "KioskBrains.Server.Domain", "Server\KioskBrains.Server.Domain\KioskBrains.Server.Domain.csproj", "{895C62E3-852A-43D3-A861-6AC60B58A42C}"
EndProject
Project("{9A19103F-16F7-4668-BE54-9A1E7A4F7556}") = "KioskBrains.Waf", "Server\KioskBrains.Waf\KioskBrains.Waf.csproj", "{9B8C4DDC-9B7B-4C63-8B83-426992A42834}"
EndProject
Project("{2150E333-8FDC-42A3-9474-1A3956D46DE8}") = "Common", "Common", "{585D53A0-56FA-4DB2-A413-B3AF78115498}"
EndProject
Project("{9A19103F-16F7-4668-BE54-9A1E7A4F7556}") = "KioskBrains.Common", "Common\KioskBrains.Common\KioskBrains.Common.csproj", "{9268C7E0-2B6A-41F0-81B5-A334A8195E87}"
EndProject
Project("{2150E333-8FDC-42A3-9474-1A3956D46DE8}") = "Clients", "Clients", "{EBD29507-D58C-4E20-810B-8B4B1AB5A5BF}"
EndProject
Project("{9A19103F-16F7-4668-BE54-9A1E7A4F7556}") = "KioskBrains.Clients.KioskProxy", "Server\Clients\KioskBrains.Clients.KioskProxy\KioskBrains.Clients.KioskProxy.csproj", "{C60520FB-2242-4DA8-AA8F-614F5377C6AB}"
EndProject
Project("{9A19103F-16F7-4668-BE54-9A1E7A4F7556}") = "KioskBrains.Proxy.Common", "Proxy\KioskBrains.Proxy\KioskBrains.Proxy.Common\KioskBrains.Proxy.Common.csproj", "{D9AF8727-4560-48F8-A5BA-B1C092A9487A}"
EndProject
Project("{2150E333-8FDC-42A3-9474-1A3956D46DE8}") = "EK", "EK", "{5FC2F394-EFA2-43B8-B8AA-B968A3D88944}"
EndProject
Project("{9A19103F-16F7-4668-BE54-9A1E7A4F7556}") = "KioskBrains.Server.EK.Integration", "Server\EK\KioskBrains.Server.EK.Integration\KioskBrains.Server.EK.Integration.csproj", "{604F6F50-9E9A-4472-88E6-2C30DAF1830F}"
EndProject
Project("{9A19103F-16F7-4668-BE54-9A1E7A4F7556}") = "KioskBrains.Clients.TecDocWs", "Server\Clients\KioskBrains.Clients.TecDocWs\KioskBrains.Clients.TecDocWs.csproj", "{D80E88EC-4108-4D18-9CBC-364152BDBECD}"
EndProject
Project("{9A19103F-16F7-4668-BE54-9A1E7A4F7556}") = "KioskBrains.Common.EK", "Common\KioskBrains.Common.EK\KioskBrains.Common.EK.csproj", "{3953C37B-196E-45E3-ACF2-4227420FB918}"
EndProject
Project("{9A19103F-16F7-4668-BE54-9A1E7A4F7556}") = "KioskBrains.Clients.OmegaAutoBiz", "Server\Clients\KioskBrains.Clients.OmegaAutoBiz\KioskBrains.Clients.OmegaAutoBiz.csproj", "{A54CA587-C709-4415-8955-1DB252C544DB}"
EndProject
Project("{9A19103F-16F7-4668-BE54-9A1E7A4F7556}") = "KioskBrains.Server.EK.Jobs", "Server\EK\KioskBrains.Server.EK.Jobs\KioskBrains.Server.EK.Jobs.csproj", "{A8639B23-3F4D-4C59-ACE3-88EF37B173B3}"
EndProject
Project("{9A19103F-16F7-4668-BE54-9A1E7A4F7556}") = "KioskBrains.Server.EK.Common", "Server\EK\KioskBrains.Server.EK.Common\KioskBrains.Server.EK.Common.csproj", "{9C16957F-70D0-4C01-811B-3D05DC36037A}"
EndProject
Project("{9A19103F-16F7-4668-BE54-9A1E7A4F7556}") = "KioskBrains.Clients.YandexTranslate", "Server\Clients\KioskBrains.Clients.YandexTranslate\KioskBrains.Clients.YandexTranslate.csproj", "{27B591FB-6FF4-48BD-BFD4-1E28CC5644F6}"
EndProject
Project("{9A19103F-16F7-4668-BE54-9A1E7A4F7556}") = "KioskBrains.Clients.AllegroPl", "Server\Clients\KioskBrains.Clients.AllegroPl\KioskBrains.Clients.AllegroPl.csproj", "{DB322074-41F5-44A9-884C-0F7E2844CD71}"
EndProject
Project("{9A19103F-16F7-4668-BE54-9A1E7A4F7556}") = "KioskBrains.Server.Common", "Server\KioskBrains.Server.Common\KioskBrains.Server.Common.csproj", "{DEB2898B-C149-47E1-9948-4022DD4F2A59}"
EndProject
Project("{9A19103F-16F7-4668-BE54-9A1E7A4F7556}") = "KioskBrains.Clients.Ek4Car", "Server\EK\KioskBrains.Clients.Ek4Car\KioskBrains.Clients.Ek4Car.csproj", "{7B99FE54-40DF-4A7D-9B31-157DFA4D7689}"
EndProject
Project("{9A19103F-16F7-4668-BE54-9A1E7A4F7556}") = "KioskBrains.Clients.ElitUa", "Server\Clients\KioskBrains.Clients.ElitUa\KioskBrains.Clients.ElitUa.csproj", "{C93D0CD0-EC04-4524-87FE-D16986A1C146}"
EndProject
Project("{9A19103F-16F7-4668-BE54-9A1E7A4F7556}") = "Test", "Server\Test\Test.csproj", "{687BF9D5-9211-4AEB-9643-33737B743DC1}"
EndProject
Project("{FAE04EC0-301F-11D3-BF4B-00C04F79EFBC}") = "WebApplication1", "Server\WebApplication1\WebApplication1.csproj", "{A7A171D6-72AA-47CB-B962-225845FA68C1}"
EndProject
Project("{9A19103F-16F7-4668-BE54-9A1E7A4F7556}") = "WebApplication", "WebApplication\WebApplication.csproj", "{D0DBF3C5-DFD4-414D-8FE9-E89A2A941778}"
EndProject
Global
	GlobalSection(SolutionConfigurationPlatforms) = preSolution
		Debug|Any CPU = Debug|Any CPU
		Debug|ARM = Debug|ARM
		Debug|ARM64 = Debug|ARM64
		Debug|x64 = Debug|x64
		Debug|x86 = Debug|x86
		Release|Any CPU = Release|Any CPU
		Release|ARM = Release|ARM
		Release|ARM64 = Release|ARM64
		Release|x64 = Release|x64
		Release|x86 = Release|x86
	EndGlobalSection
	GlobalSection(ProjectConfigurationPlatforms) = postSolution
		{68AB285C-1425-4375-939C-C82F9980B931}.Debug|Any CPU.ActiveCfg = Debug|Any CPU
		{68AB285C-1425-4375-939C-C82F9980B931}.Debug|Any CPU.Build.0 = Debug|Any CPU
		{68AB285C-1425-4375-939C-C82F9980B931}.Debug|ARM.ActiveCfg = Debug|Any CPU
		{68AB285C-1425-4375-939C-C82F9980B931}.Debug|ARM.Build.0 = Debug|Any CPU
		{68AB285C-1425-4375-939C-C82F9980B931}.Debug|ARM64.ActiveCfg = Debug|Any CPU
		{68AB285C-1425-4375-939C-C82F9980B931}.Debug|ARM64.Build.0 = Debug|Any CPU
		{68AB285C-1425-4375-939C-C82F9980B931}.Debug|x64.ActiveCfg = Debug|Any CPU
		{68AB285C-1425-4375-939C-C82F9980B931}.Debug|x64.Build.0 = Debug|Any CPU
		{68AB285C-1425-4375-939C-C82F9980B931}.Debug|x86.ActiveCfg = Debug|Any CPU
		{68AB285C-1425-4375-939C-C82F9980B931}.Debug|x86.Build.0 = Debug|Any CPU
		{68AB285C-1425-4375-939C-C82F9980B931}.Release|Any CPU.ActiveCfg = Release|Any CPU
		{68AB285C-1425-4375-939C-C82F9980B931}.Release|Any CPU.Build.0 = Release|Any CPU
		{68AB285C-1425-4375-939C-C82F9980B931}.Release|ARM.ActiveCfg = Release|Any CPU
		{68AB285C-1425-4375-939C-C82F9980B931}.Release|ARM.Build.0 = Release|Any CPU
		{68AB285C-1425-4375-939C-C82F9980B931}.Release|ARM64.ActiveCfg = Release|Any CPU
		{68AB285C-1425-4375-939C-C82F9980B931}.Release|ARM64.Build.0 = Release|Any CPU
		{68AB285C-1425-4375-939C-C82F9980B931}.Release|x64.ActiveCfg = Release|Any CPU
		{68AB285C-1425-4375-939C-C82F9980B931}.Release|x64.Build.0 = Release|Any CPU
		{68AB285C-1425-4375-939C-C82F9980B931}.Release|x86.ActiveCfg = Release|Any CPU
		{68AB285C-1425-4375-939C-C82F9980B931}.Release|x86.Build.0 = Release|Any CPU
		{895C62E3-852A-43D3-A861-6AC60B58A42C}.Debug|Any CPU.ActiveCfg = Debug|Any CPU
		{895C62E3-852A-43D3-A861-6AC60B58A42C}.Debug|Any CPU.Build.0 = Debug|Any CPU
		{895C62E3-852A-43D3-A861-6AC60B58A42C}.Debug|ARM.ActiveCfg = Debug|Any CPU
		{895C62E3-852A-43D3-A861-6AC60B58A42C}.Debug|ARM.Build.0 = Debug|Any CPU
		{895C62E3-852A-43D3-A861-6AC60B58A42C}.Debug|ARM64.ActiveCfg = Debug|Any CPU
		{895C62E3-852A-43D3-A861-6AC60B58A42C}.Debug|ARM64.Build.0 = Debug|Any CPU
		{895C62E3-852A-43D3-A861-6AC60B58A42C}.Debug|x64.ActiveCfg = Debug|Any CPU
		{895C62E3-852A-43D3-A861-6AC60B58A42C}.Debug|x64.Build.0 = Debug|Any CPU
		{895C62E3-852A-43D3-A861-6AC60B58A42C}.Debug|x86.ActiveCfg = Debug|Any CPU
		{895C62E3-852A-43D3-A861-6AC60B58A42C}.Debug|x86.Build.0 = Debug|Any CPU
		{895C62E3-852A-43D3-A861-6AC60B58A42C}.Release|Any CPU.ActiveCfg = Release|Any CPU
		{895C62E3-852A-43D3-A861-6AC60B58A42C}.Release|Any CPU.Build.0 = Release|Any CPU
		{895C62E3-852A-43D3-A861-6AC60B58A42C}.Release|ARM.ActiveCfg = Release|Any CPU
		{895C62E3-852A-43D3-A861-6AC60B58A42C}.Release|ARM.Build.0 = Release|Any CPU
		{895C62E3-852A-43D3-A861-6AC60B58A42C}.Release|ARM64.ActiveCfg = Release|Any CPU
		{895C62E3-852A-43D3-A861-6AC60B58A42C}.Release|ARM64.Build.0 = Release|Any CPU
		{895C62E3-852A-43D3-A861-6AC60B58A42C}.Release|x64.ActiveCfg = Release|Any CPU
		{895C62E3-852A-43D3-A861-6AC60B58A42C}.Release|x64.Build.0 = Release|Any CPU
		{895C62E3-852A-43D3-A861-6AC60B58A42C}.Release|x86.ActiveCfg = Release|Any CPU
		{895C62E3-852A-43D3-A861-6AC60B58A42C}.Release|x86.Build.0 = Release|Any CPU
		{9B8C4DDC-9B7B-4C63-8B83-426992A42834}.Debug|Any CPU.ActiveCfg = Debug|Any CPU
		{9B8C4DDC-9B7B-4C63-8B83-426992A42834}.Debug|Any CPU.Build.0 = Debug|Any CPU
		{9B8C4DDC-9B7B-4C63-8B83-426992A42834}.Debug|ARM.ActiveCfg = Debug|Any CPU
		{9B8C4DDC-9B7B-4C63-8B83-426992A42834}.Debug|ARM.Build.0 = Debug|Any CPU
		{9B8C4DDC-9B7B-4C63-8B83-426992A42834}.Debug|ARM64.ActiveCfg = Debug|Any CPU
		{9B8C4DDC-9B7B-4C63-8B83-426992A42834}.Debug|ARM64.Build.0 = Debug|Any CPU
		{9B8C4DDC-9B7B-4C63-8B83-426992A42834}.Debug|x64.ActiveCfg = Debug|Any CPU
		{9B8C4DDC-9B7B-4C63-8B83-426992A42834}.Debug|x64.Build.0 = Debug|Any CPU
		{9B8C4DDC-9B7B-4C63-8B83-426992A42834}.Debug|x86.ActiveCfg = Debug|Any CPU
		{9B8C4DDC-9B7B-4C63-8B83-426992A42834}.Debug|x86.Build.0 = Debug|Any CPU
		{9B8C4DDC-9B7B-4C63-8B83-426992A42834}.Release|Any CPU.ActiveCfg = Release|Any CPU
		{9B8C4DDC-9B7B-4C63-8B83-426992A42834}.Release|Any CPU.Build.0 = Release|Any CPU
		{9B8C4DDC-9B7B-4C63-8B83-426992A42834}.Release|ARM.ActiveCfg = Release|Any CPU
		{9B8C4DDC-9B7B-4C63-8B83-426992A42834}.Release|ARM.Build.0 = Release|Any CPU
		{9B8C4DDC-9B7B-4C63-8B83-426992A42834}.Release|ARM64.ActiveCfg = Release|Any CPU
		{9B8C4DDC-9B7B-4C63-8B83-426992A42834}.Release|ARM64.Build.0 = Release|Any CPU
		{9B8C4DDC-9B7B-4C63-8B83-426992A42834}.Release|x64.ActiveCfg = Release|Any CPU
		{9B8C4DDC-9B7B-4C63-8B83-426992A42834}.Release|x64.Build.0 = Release|Any CPU
		{9B8C4DDC-9B7B-4C63-8B83-426992A42834}.Release|x86.ActiveCfg = Release|Any CPU
		{9B8C4DDC-9B7B-4C63-8B83-426992A42834}.Release|x86.Build.0 = Release|Any CPU
		{9268C7E0-2B6A-41F0-81B5-A334A8195E87}.Debug|Any CPU.ActiveCfg = Debug|Any CPU
		{9268C7E0-2B6A-41F0-81B5-A334A8195E87}.Debug|Any CPU.Build.0 = Debug|Any CPU
		{9268C7E0-2B6A-41F0-81B5-A334A8195E87}.Debug|ARM.ActiveCfg = Debug|Any CPU
		{9268C7E0-2B6A-41F0-81B5-A334A8195E87}.Debug|ARM.Build.0 = Debug|Any CPU
		{9268C7E0-2B6A-41F0-81B5-A334A8195E87}.Debug|ARM64.ActiveCfg = Debug|Any CPU
		{9268C7E0-2B6A-41F0-81B5-A334A8195E87}.Debug|ARM64.Build.0 = Debug|Any CPU
		{9268C7E0-2B6A-41F0-81B5-A334A8195E87}.Debug|x64.ActiveCfg = Debug|Any CPU
		{9268C7E0-2B6A-41F0-81B5-A334A8195E87}.Debug|x64.Build.0 = Debug|Any CPU
		{9268C7E0-2B6A-41F0-81B5-A334A8195E87}.Debug|x86.ActiveCfg = Debug|Any CPU
		{9268C7E0-2B6A-41F0-81B5-A334A8195E87}.Debug|x86.Build.0 = Debug|Any CPU
		{9268C7E0-2B6A-41F0-81B5-A334A8195E87}.Release|Any CPU.ActiveCfg = Release|Any CPU
		{9268C7E0-2B6A-41F0-81B5-A334A8195E87}.Release|Any CPU.Build.0 = Release|Any CPU
		{9268C7E0-2B6A-41F0-81B5-A334A8195E87}.Release|ARM.ActiveCfg = Release|Any CPU
		{9268C7E0-2B6A-41F0-81B5-A334A8195E87}.Release|ARM.Build.0 = Release|Any CPU
		{9268C7E0-2B6A-41F0-81B5-A334A8195E87}.Release|ARM64.ActiveCfg = Release|Any CPU
		{9268C7E0-2B6A-41F0-81B5-A334A8195E87}.Release|ARM64.Build.0 = Release|Any CPU
		{9268C7E0-2B6A-41F0-81B5-A334A8195E87}.Release|x64.ActiveCfg = Release|Any CPU
		{9268C7E0-2B6A-41F0-81B5-A334A8195E87}.Release|x64.Build.0 = Release|Any CPU
		{9268C7E0-2B6A-41F0-81B5-A334A8195E87}.Release|x86.ActiveCfg = Release|Any CPU
		{9268C7E0-2B6A-41F0-81B5-A334A8195E87}.Release|x86.Build.0 = Release|Any CPU
		{C60520FB-2242-4DA8-AA8F-614F5377C6AB}.Debug|Any CPU.ActiveCfg = Debug|Any CPU
		{C60520FB-2242-4DA8-AA8F-614F5377C6AB}.Debug|Any CPU.Build.0 = Debug|Any CPU
		{C60520FB-2242-4DA8-AA8F-614F5377C6AB}.Debug|ARM.ActiveCfg = Debug|Any CPU
		{C60520FB-2242-4DA8-AA8F-614F5377C6AB}.Debug|ARM.Build.0 = Debug|Any CPU
		{C60520FB-2242-4DA8-AA8F-614F5377C6AB}.Debug|ARM64.ActiveCfg = Debug|Any CPU
		{C60520FB-2242-4DA8-AA8F-614F5377C6AB}.Debug|ARM64.Build.0 = Debug|Any CPU
		{C60520FB-2242-4DA8-AA8F-614F5377C6AB}.Debug|x64.ActiveCfg = Debug|Any CPU
		{C60520FB-2242-4DA8-AA8F-614F5377C6AB}.Debug|x64.Build.0 = Debug|Any CPU
		{C60520FB-2242-4DA8-AA8F-614F5377C6AB}.Debug|x86.ActiveCfg = Debug|Any CPU
		{C60520FB-2242-4DA8-AA8F-614F5377C6AB}.Debug|x86.Build.0 = Debug|Any CPU
		{C60520FB-2242-4DA8-AA8F-614F5377C6AB}.Release|Any CPU.ActiveCfg = Release|Any CPU
		{C60520FB-2242-4DA8-AA8F-614F5377C6AB}.Release|Any CPU.Build.0 = Release|Any CPU
		{C60520FB-2242-4DA8-AA8F-614F5377C6AB}.Release|ARM.ActiveCfg = Release|Any CPU
		{C60520FB-2242-4DA8-AA8F-614F5377C6AB}.Release|ARM.Build.0 = Release|Any CPU
		{C60520FB-2242-4DA8-AA8F-614F5377C6AB}.Release|ARM64.ActiveCfg = Release|Any CPU
		{C60520FB-2242-4DA8-AA8F-614F5377C6AB}.Release|ARM64.Build.0 = Release|Any CPU
		{C60520FB-2242-4DA8-AA8F-614F5377C6AB}.Release|x64.ActiveCfg = Release|Any CPU
		{C60520FB-2242-4DA8-AA8F-614F5377C6AB}.Release|x64.Build.0 = Release|Any CPU
		{C60520FB-2242-4DA8-AA8F-614F5377C6AB}.Release|x86.ActiveCfg = Release|Any CPU
		{C60520FB-2242-4DA8-AA8F-614F5377C6AB}.Release|x86.Build.0 = Release|Any CPU
		{D9AF8727-4560-48F8-A5BA-B1C092A9487A}.Debug|Any CPU.ActiveCfg = Debug|Any CPU
		{D9AF8727-4560-48F8-A5BA-B1C092A9487A}.Debug|Any CPU.Build.0 = Debug|Any CPU
		{D9AF8727-4560-48F8-A5BA-B1C092A9487A}.Debug|ARM.ActiveCfg = Debug|Any CPU
		{D9AF8727-4560-48F8-A5BA-B1C092A9487A}.Debug|ARM.Build.0 = Debug|Any CPU
		{D9AF8727-4560-48F8-A5BA-B1C092A9487A}.Debug|ARM64.ActiveCfg = Debug|Any CPU
		{D9AF8727-4560-48F8-A5BA-B1C092A9487A}.Debug|ARM64.Build.0 = Debug|Any CPU
		{D9AF8727-4560-48F8-A5BA-B1C092A9487A}.Debug|x64.ActiveCfg = Debug|Any CPU
		{D9AF8727-4560-48F8-A5BA-B1C092A9487A}.Debug|x64.Build.0 = Debug|Any CPU
		{D9AF8727-4560-48F8-A5BA-B1C092A9487A}.Debug|x86.ActiveCfg = Debug|Any CPU
		{D9AF8727-4560-48F8-A5BA-B1C092A9487A}.Debug|x86.Build.0 = Debug|Any CPU
		{D9AF8727-4560-48F8-A5BA-B1C092A9487A}.Release|Any CPU.ActiveCfg = Release|Any CPU
		{D9AF8727-4560-48F8-A5BA-B1C092A9487A}.Release|Any CPU.Build.0 = Release|Any CPU
		{D9AF8727-4560-48F8-A5BA-B1C092A9487A}.Release|ARM.ActiveCfg = Release|Any CPU
		{D9AF8727-4560-48F8-A5BA-B1C092A9487A}.Release|ARM.Build.0 = Release|Any CPU
		{D9AF8727-4560-48F8-A5BA-B1C092A9487A}.Release|ARM64.ActiveCfg = Release|Any CPU
		{D9AF8727-4560-48F8-A5BA-B1C092A9487A}.Release|ARM64.Build.0 = Release|Any CPU
		{D9AF8727-4560-48F8-A5BA-B1C092A9487A}.Release|x64.ActiveCfg = Release|Any CPU
		{D9AF8727-4560-48F8-A5BA-B1C092A9487A}.Release|x64.Build.0 = Release|Any CPU
		{D9AF8727-4560-48F8-A5BA-B1C092A9487A}.Release|x86.ActiveCfg = Release|Any CPU
		{D9AF8727-4560-48F8-A5BA-B1C092A9487A}.Release|x86.Build.0 = Release|Any CPU
		{604F6F50-9E9A-4472-88E6-2C30DAF1830F}.Debug|Any CPU.ActiveCfg = Debug|Any CPU
		{604F6F50-9E9A-4472-88E6-2C30DAF1830F}.Debug|Any CPU.Build.0 = Debug|Any CPU
		{604F6F50-9E9A-4472-88E6-2C30DAF1830F}.Debug|ARM.ActiveCfg = Debug|Any CPU
		{604F6F50-9E9A-4472-88E6-2C30DAF1830F}.Debug|ARM.Build.0 = Debug|Any CPU
		{604F6F50-9E9A-4472-88E6-2C30DAF1830F}.Debug|ARM64.ActiveCfg = Debug|Any CPU
		{604F6F50-9E9A-4472-88E6-2C30DAF1830F}.Debug|ARM64.Build.0 = Debug|Any CPU
		{604F6F50-9E9A-4472-88E6-2C30DAF1830F}.Debug|x64.ActiveCfg = Debug|Any CPU
		{604F6F50-9E9A-4472-88E6-2C30DAF1830F}.Debug|x64.Build.0 = Debug|Any CPU
		{604F6F50-9E9A-4472-88E6-2C30DAF1830F}.Debug|x86.ActiveCfg = Debug|Any CPU
		{604F6F50-9E9A-4472-88E6-2C30DAF1830F}.Debug|x86.Build.0 = Debug|Any CPU
		{604F6F50-9E9A-4472-88E6-2C30DAF1830F}.Release|Any CPU.ActiveCfg = Release|Any CPU
		{604F6F50-9E9A-4472-88E6-2C30DAF1830F}.Release|Any CPU.Build.0 = Release|Any CPU
		{604F6F50-9E9A-4472-88E6-2C30DAF1830F}.Release|ARM.ActiveCfg = Release|Any CPU
		{604F6F50-9E9A-4472-88E6-2C30DAF1830F}.Release|ARM.Build.0 = Release|Any CPU
		{604F6F50-9E9A-4472-88E6-2C30DAF1830F}.Release|ARM64.ActiveCfg = Release|Any CPU
		{604F6F50-9E9A-4472-88E6-2C30DAF1830F}.Release|ARM64.Build.0 = Release|Any CPU
		{604F6F50-9E9A-4472-88E6-2C30DAF1830F}.Release|x64.ActiveCfg = Release|Any CPU
		{604F6F50-9E9A-4472-88E6-2C30DAF1830F}.Release|x64.Build.0 = Release|Any CPU
		{604F6F50-9E9A-4472-88E6-2C30DAF1830F}.Release|x86.ActiveCfg = Release|Any CPU
		{604F6F50-9E9A-4472-88E6-2C30DAF1830F}.Release|x86.Build.0 = Release|Any CPU
		{D80E88EC-4108-4D18-9CBC-364152BDBECD}.Debug|Any CPU.ActiveCfg = Debug|Any CPU
		{D80E88EC-4108-4D18-9CBC-364152BDBECD}.Debug|Any CPU.Build.0 = Debug|Any CPU
		{D80E88EC-4108-4D18-9CBC-364152BDBECD}.Debug|ARM.ActiveCfg = Debug|Any CPU
		{D80E88EC-4108-4D18-9CBC-364152BDBECD}.Debug|ARM.Build.0 = Debug|Any CPU
		{D80E88EC-4108-4D18-9CBC-364152BDBECD}.Debug|ARM64.ActiveCfg = Debug|Any CPU
		{D80E88EC-4108-4D18-9CBC-364152BDBECD}.Debug|ARM64.Build.0 = Debug|Any CPU
		{D80E88EC-4108-4D18-9CBC-364152BDBECD}.Debug|x64.ActiveCfg = Debug|Any CPU
		{D80E88EC-4108-4D18-9CBC-364152BDBECD}.Debug|x64.Build.0 = Debug|Any CPU
		{D80E88EC-4108-4D18-9CBC-364152BDBECD}.Debug|x86.ActiveCfg = Debug|Any CPU
		{D80E88EC-4108-4D18-9CBC-364152BDBECD}.Debug|x86.Build.0 = Debug|Any CPU
		{D80E88EC-4108-4D18-9CBC-364152BDBECD}.Release|Any CPU.ActiveCfg = Release|Any CPU
		{D80E88EC-4108-4D18-9CBC-364152BDBECD}.Release|Any CPU.Build.0 = Release|Any CPU
		{D80E88EC-4108-4D18-9CBC-364152BDBECD}.Release|ARM.ActiveCfg = Release|Any CPU
		{D80E88EC-4108-4D18-9CBC-364152BDBECD}.Release|ARM.Build.0 = Release|Any CPU
		{D80E88EC-4108-4D18-9CBC-364152BDBECD}.Release|ARM64.ActiveCfg = Release|Any CPU
		{D80E88EC-4108-4D18-9CBC-364152BDBECD}.Release|ARM64.Build.0 = Release|Any CPU
		{D80E88EC-4108-4D18-9CBC-364152BDBECD}.Release|x64.ActiveCfg = Release|Any CPU
		{D80E88EC-4108-4D18-9CBC-364152BDBECD}.Release|x64.Build.0 = Release|Any CPU
		{D80E88EC-4108-4D18-9CBC-364152BDBECD}.Release|x86.ActiveCfg = Release|Any CPU
		{D80E88EC-4108-4D18-9CBC-364152BDBECD}.Release|x86.Build.0 = Release|Any CPU
		{3953C37B-196E-45E3-ACF2-4227420FB918}.Debug|Any CPU.ActiveCfg = Debug|Any CPU
		{3953C37B-196E-45E3-ACF2-4227420FB918}.Debug|Any CPU.Build.0 = Debug|Any CPU
		{3953C37B-196E-45E3-ACF2-4227420FB918}.Debug|ARM.ActiveCfg = Debug|Any CPU
		{3953C37B-196E-45E3-ACF2-4227420FB918}.Debug|ARM.Build.0 = Debug|Any CPU
		{3953C37B-196E-45E3-ACF2-4227420FB918}.Debug|ARM64.ActiveCfg = Debug|Any CPU
		{3953C37B-196E-45E3-ACF2-4227420FB918}.Debug|ARM64.Build.0 = Debug|Any CPU
		{3953C37B-196E-45E3-ACF2-4227420FB918}.Debug|x64.ActiveCfg = Debug|Any CPU
		{3953C37B-196E-45E3-ACF2-4227420FB918}.Debug|x64.Build.0 = Debug|Any CPU
		{3953C37B-196E-45E3-ACF2-4227420FB918}.Debug|x86.ActiveCfg = Debug|Any CPU
		{3953C37B-196E-45E3-ACF2-4227420FB918}.Debug|x86.Build.0 = Debug|Any CPU
		{3953C37B-196E-45E3-ACF2-4227420FB918}.Release|Any CPU.ActiveCfg = Release|Any CPU
		{3953C37B-196E-45E3-ACF2-4227420FB918}.Release|Any CPU.Build.0 = Release|Any CPU
		{3953C37B-196E-45E3-ACF2-4227420FB918}.Release|ARM.ActiveCfg = Release|Any CPU
		{3953C37B-196E-45E3-ACF2-4227420FB918}.Release|ARM.Build.0 = Release|Any CPU
		{3953C37B-196E-45E3-ACF2-4227420FB918}.Release|ARM64.ActiveCfg = Release|Any CPU
		{3953C37B-196E-45E3-ACF2-4227420FB918}.Release|ARM64.Build.0 = Release|Any CPU
		{3953C37B-196E-45E3-ACF2-4227420FB918}.Release|x64.ActiveCfg = Release|Any CPU
		{3953C37B-196E-45E3-ACF2-4227420FB918}.Release|x64.Build.0 = Release|Any CPU
		{3953C37B-196E-45E3-ACF2-4227420FB918}.Release|x86.ActiveCfg = Release|Any CPU
		{3953C37B-196E-45E3-ACF2-4227420FB918}.Release|x86.Build.0 = Release|Any CPU
		{A54CA587-C709-4415-8955-1DB252C544DB}.Debug|Any CPU.ActiveCfg = Debug|Any CPU
		{A54CA587-C709-4415-8955-1DB252C544DB}.Debug|Any CPU.Build.0 = Debug|Any CPU
		{A54CA587-C709-4415-8955-1DB252C544DB}.Debug|ARM.ActiveCfg = Debug|Any CPU
		{A54CA587-C709-4415-8955-1DB252C544DB}.Debug|ARM.Build.0 = Debug|Any CPU
		{A54CA587-C709-4415-8955-1DB252C544DB}.Debug|ARM64.ActiveCfg = Debug|Any CPU
		{A54CA587-C709-4415-8955-1DB252C544DB}.Debug|ARM64.Build.0 = Debug|Any CPU
		{A54CA587-C709-4415-8955-1DB252C544DB}.Debug|x64.ActiveCfg = Debug|Any CPU
		{A54CA587-C709-4415-8955-1DB252C544DB}.Debug|x64.Build.0 = Debug|Any CPU
		{A54CA587-C709-4415-8955-1DB252C544DB}.Debug|x86.ActiveCfg = Debug|Any CPU
		{A54CA587-C709-4415-8955-1DB252C544DB}.Debug|x86.Build.0 = Debug|Any CPU
		{A54CA587-C709-4415-8955-1DB252C544DB}.Release|Any CPU.ActiveCfg = Release|Any CPU
		{A54CA587-C709-4415-8955-1DB252C544DB}.Release|Any CPU.Build.0 = Release|Any CPU
		{A54CA587-C709-4415-8955-1DB252C544DB}.Release|ARM.ActiveCfg = Release|Any CPU
		{A54CA587-C709-4415-8955-1DB252C544DB}.Release|ARM.Build.0 = Release|Any CPU
		{A54CA587-C709-4415-8955-1DB252C544DB}.Release|ARM64.ActiveCfg = Release|Any CPU
		{A54CA587-C709-4415-8955-1DB252C544DB}.Release|ARM64.Build.0 = Release|Any CPU
		{A54CA587-C709-4415-8955-1DB252C544DB}.Release|x64.ActiveCfg = Release|Any CPU
		{A54CA587-C709-4415-8955-1DB252C544DB}.Release|x64.Build.0 = Release|Any CPU
		{A54CA587-C709-4415-8955-1DB252C544DB}.Release|x86.ActiveCfg = Release|Any CPU
		{A54CA587-C709-4415-8955-1DB252C544DB}.Release|x86.Build.0 = Release|Any CPU
		{A8639B23-3F4D-4C59-ACE3-88EF37B173B3}.Debug|Any CPU.ActiveCfg = Debug|Any CPU
		{A8639B23-3F4D-4C59-ACE3-88EF37B173B3}.Debug|Any CPU.Build.0 = Debug|Any CPU
		{A8639B23-3F4D-4C59-ACE3-88EF37B173B3}.Debug|ARM.ActiveCfg = Debug|Any CPU
		{A8639B23-3F4D-4C59-ACE3-88EF37B173B3}.Debug|ARM.Build.0 = Debug|Any CPU
		{A8639B23-3F4D-4C59-ACE3-88EF37B173B3}.Debug|ARM64.ActiveCfg = Debug|Any CPU
		{A8639B23-3F4D-4C59-ACE3-88EF37B173B3}.Debug|ARM64.Build.0 = Debug|Any CPU
		{A8639B23-3F4D-4C59-ACE3-88EF37B173B3}.Debug|x64.ActiveCfg = Debug|Any CPU
		{A8639B23-3F4D-4C59-ACE3-88EF37B173B3}.Debug|x64.Build.0 = Debug|Any CPU
		{A8639B23-3F4D-4C59-ACE3-88EF37B173B3}.Debug|x86.ActiveCfg = Debug|Any CPU
		{A8639B23-3F4D-4C59-ACE3-88EF37B173B3}.Debug|x86.Build.0 = Debug|Any CPU
		{A8639B23-3F4D-4C59-ACE3-88EF37B173B3}.Release|Any CPU.ActiveCfg = Release|Any CPU
		{A8639B23-3F4D-4C59-ACE3-88EF37B173B3}.Release|Any CPU.Build.0 = Release|Any CPU
		{A8639B23-3F4D-4C59-ACE3-88EF37B173B3}.Release|ARM.ActiveCfg = Release|Any CPU
		{A8639B23-3F4D-4C59-ACE3-88EF37B173B3}.Release|ARM.Build.0 = Release|Any CPU
		{A8639B23-3F4D-4C59-ACE3-88EF37B173B3}.Release|ARM64.ActiveCfg = Release|Any CPU
		{A8639B23-3F4D-4C59-ACE3-88EF37B173B3}.Release|ARM64.Build.0 = Release|Any CPU
		{A8639B23-3F4D-4C59-ACE3-88EF37B173B3}.Release|x64.ActiveCfg = Release|Any CPU
		{A8639B23-3F4D-4C59-ACE3-88EF37B173B3}.Release|x64.Build.0 = Release|Any CPU
		{A8639B23-3F4D-4C59-ACE3-88EF37B173B3}.Release|x86.ActiveCfg = Release|Any CPU
		{A8639B23-3F4D-4C59-ACE3-88EF37B173B3}.Release|x86.Build.0 = Release|Any CPU
		{9C16957F-70D0-4C01-811B-3D05DC36037A}.Debug|Any CPU.ActiveCfg = Debug|Any CPU
		{9C16957F-70D0-4C01-811B-3D05DC36037A}.Debug|Any CPU.Build.0 = Debug|Any CPU
		{9C16957F-70D0-4C01-811B-3D05DC36037A}.Debug|ARM.ActiveCfg = Debug|Any CPU
		{9C16957F-70D0-4C01-811B-3D05DC36037A}.Debug|ARM.Build.0 = Debug|Any CPU
		{9C16957F-70D0-4C01-811B-3D05DC36037A}.Debug|ARM64.ActiveCfg = Debug|Any CPU
		{9C16957F-70D0-4C01-811B-3D05DC36037A}.Debug|ARM64.Build.0 = Debug|Any CPU
		{9C16957F-70D0-4C01-811B-3D05DC36037A}.Debug|x64.ActiveCfg = Debug|Any CPU
		{9C16957F-70D0-4C01-811B-3D05DC36037A}.Debug|x64.Build.0 = Debug|Any CPU
		{9C16957F-70D0-4C01-811B-3D05DC36037A}.Debug|x86.ActiveCfg = Debug|Any CPU
		{9C16957F-70D0-4C01-811B-3D05DC36037A}.Debug|x86.Build.0 = Debug|Any CPU
		{9C16957F-70D0-4C01-811B-3D05DC36037A}.Release|Any CPU.ActiveCfg = Release|Any CPU
		{9C16957F-70D0-4C01-811B-3D05DC36037A}.Release|Any CPU.Build.0 = Release|Any CPU
		{9C16957F-70D0-4C01-811B-3D05DC36037A}.Release|ARM.ActiveCfg = Release|Any CPU
		{9C16957F-70D0-4C01-811B-3D05DC36037A}.Release|ARM.Build.0 = Release|Any CPU
		{9C16957F-70D0-4C01-811B-3D05DC36037A}.Release|ARM64.ActiveCfg = Release|Any CPU
		{9C16957F-70D0-4C01-811B-3D05DC36037A}.Release|ARM64.Build.0 = Release|Any CPU
		{9C16957F-70D0-4C01-811B-3D05DC36037A}.Release|x64.ActiveCfg = Release|Any CPU
		{9C16957F-70D0-4C01-811B-3D05DC36037A}.Release|x64.Build.0 = Release|Any CPU
		{9C16957F-70D0-4C01-811B-3D05DC36037A}.Release|x86.ActiveCfg = Release|Any CPU
		{9C16957F-70D0-4C01-811B-3D05DC36037A}.Release|x86.Build.0 = Release|Any CPU
		{27B591FB-6FF4-48BD-BFD4-1E28CC5644F6}.Debug|Any CPU.ActiveCfg = Debug|Any CPU
		{27B591FB-6FF4-48BD-BFD4-1E28CC5644F6}.Debug|Any CPU.Build.0 = Debug|Any CPU
		{27B591FB-6FF4-48BD-BFD4-1E28CC5644F6}.Debug|ARM.ActiveCfg = Debug|Any CPU
		{27B591FB-6FF4-48BD-BFD4-1E28CC5644F6}.Debug|ARM.Build.0 = Debug|Any CPU
		{27B591FB-6FF4-48BD-BFD4-1E28CC5644F6}.Debug|ARM64.ActiveCfg = Debug|Any CPU
		{27B591FB-6FF4-48BD-BFD4-1E28CC5644F6}.Debug|ARM64.Build.0 = Debug|Any CPU
		{27B591FB-6FF4-48BD-BFD4-1E28CC5644F6}.Debug|x64.ActiveCfg = Debug|Any CPU
		{27B591FB-6FF4-48BD-BFD4-1E28CC5644F6}.Debug|x64.Build.0 = Debug|Any CPU
		{27B591FB-6FF4-48BD-BFD4-1E28CC5644F6}.Debug|x86.ActiveCfg = Debug|Any CPU
		{27B591FB-6FF4-48BD-BFD4-1E28CC5644F6}.Debug|x86.Build.0 = Debug|Any CPU
		{27B591FB-6FF4-48BD-BFD4-1E28CC5644F6}.Release|Any CPU.ActiveCfg = Release|Any CPU
		{27B591FB-6FF4-48BD-BFD4-1E28CC5644F6}.Release|Any CPU.Build.0 = Release|Any CPU
		{27B591FB-6FF4-48BD-BFD4-1E28CC5644F6}.Release|ARM.ActiveCfg = Release|Any CPU
		{27B591FB-6FF4-48BD-BFD4-1E28CC5644F6}.Release|ARM.Build.0 = Release|Any CPU
		{27B591FB-6FF4-48BD-BFD4-1E28CC5644F6}.Release|ARM64.ActiveCfg = Release|Any CPU
		{27B591FB-6FF4-48BD-BFD4-1E28CC5644F6}.Release|ARM64.Build.0 = Release|Any CPU
		{27B591FB-6FF4-48BD-BFD4-1E28CC5644F6}.Release|x64.ActiveCfg = Release|Any CPU
		{27B591FB-6FF4-48BD-BFD4-1E28CC5644F6}.Release|x64.Build.0 = Release|Any CPU
		{27B591FB-6FF4-48BD-BFD4-1E28CC5644F6}.Release|x86.ActiveCfg = Release|Any CPU
		{27B591FB-6FF4-48BD-BFD4-1E28CC5644F6}.Release|x86.Build.0 = Release|Any CPU
		{DB322074-41F5-44A9-884C-0F7E2844CD71}.Debug|Any CPU.ActiveCfg = Debug|Any CPU
		{DB322074-41F5-44A9-884C-0F7E2844CD71}.Debug|Any CPU.Build.0 = Debug|Any CPU
		{DB322074-41F5-44A9-884C-0F7E2844CD71}.Debug|ARM.ActiveCfg = Debug|Any CPU
		{DB322074-41F5-44A9-884C-0F7E2844CD71}.Debug|ARM.Build.0 = Debug|Any CPU
		{DB322074-41F5-44A9-884C-0F7E2844CD71}.Debug|ARM64.ActiveCfg = Debug|Any CPU
		{DB322074-41F5-44A9-884C-0F7E2844CD71}.Debug|ARM64.Build.0 = Debug|Any CPU
		{DB322074-41F5-44A9-884C-0F7E2844CD71}.Debug|x64.ActiveCfg = Debug|Any CPU
		{DB322074-41F5-44A9-884C-0F7E2844CD71}.Debug|x64.Build.0 = Debug|Any CPU
		{DB322074-41F5-44A9-884C-0F7E2844CD71}.Debug|x86.ActiveCfg = Debug|Any CPU
		{DB322074-41F5-44A9-884C-0F7E2844CD71}.Debug|x86.Build.0 = Debug|Any CPU
		{DB322074-41F5-44A9-884C-0F7E2844CD71}.Release|Any CPU.ActiveCfg = Release|Any CPU
		{DB322074-41F5-44A9-884C-0F7E2844CD71}.Release|Any CPU.Build.0 = Release|Any CPU
		{DB322074-41F5-44A9-884C-0F7E2844CD71}.Release|ARM.ActiveCfg = Release|Any CPU
		{DB322074-41F5-44A9-884C-0F7E2844CD71}.Release|ARM.Build.0 = Release|Any CPU
		{DB322074-41F5-44A9-884C-0F7E2844CD71}.Release|ARM64.ActiveCfg = Release|Any CPU
		{DB322074-41F5-44A9-884C-0F7E2844CD71}.Release|ARM64.Build.0 = Release|Any CPU
		{DB322074-41F5-44A9-884C-0F7E2844CD71}.Release|x64.ActiveCfg = Release|Any CPU
		{DB322074-41F5-44A9-884C-0F7E2844CD71}.Release|x64.Build.0 = Release|Any CPU
		{DB322074-41F5-44A9-884C-0F7E2844CD71}.Release|x86.ActiveCfg = Release|Any CPU
		{DB322074-41F5-44A9-884C-0F7E2844CD71}.Release|x86.Build.0 = Release|Any CPU
		{DEB2898B-C149-47E1-9948-4022DD4F2A59}.Debug|Any CPU.ActiveCfg = Debug|Any CPU
		{DEB2898B-C149-47E1-9948-4022DD4F2A59}.Debug|Any CPU.Build.0 = Debug|Any CPU
		{DEB2898B-C149-47E1-9948-4022DD4F2A59}.Debug|ARM.ActiveCfg = Debug|Any CPU
		{DEB2898B-C149-47E1-9948-4022DD4F2A59}.Debug|ARM.Build.0 = Debug|Any CPU
		{DEB2898B-C149-47E1-9948-4022DD4F2A59}.Debug|ARM64.ActiveCfg = Debug|Any CPU
		{DEB2898B-C149-47E1-9948-4022DD4F2A59}.Debug|ARM64.Build.0 = Debug|Any CPU
		{DEB2898B-C149-47E1-9948-4022DD4F2A59}.Debug|x64.ActiveCfg = Debug|Any CPU
		{DEB2898B-C149-47E1-9948-4022DD4F2A59}.Debug|x64.Build.0 = Debug|Any CPU
		{DEB2898B-C149-47E1-9948-4022DD4F2A59}.Debug|x86.ActiveCfg = Debug|Any CPU
		{DEB2898B-C149-47E1-9948-4022DD4F2A59}.Debug|x86.Build.0 = Debug|Any CPU
		{DEB2898B-C149-47E1-9948-4022DD4F2A59}.Release|Any CPU.ActiveCfg = Release|Any CPU
		{DEB2898B-C149-47E1-9948-4022DD4F2A59}.Release|Any CPU.Build.0 = Release|Any CPU
		{DEB2898B-C149-47E1-9948-4022DD4F2A59}.Release|ARM.ActiveCfg = Release|Any CPU
		{DEB2898B-C149-47E1-9948-4022DD4F2A59}.Release|ARM.Build.0 = Release|Any CPU
		{DEB2898B-C149-47E1-9948-4022DD4F2A59}.Release|ARM64.ActiveCfg = Release|Any CPU
		{DEB2898B-C149-47E1-9948-4022DD4F2A59}.Release|ARM64.Build.0 = Release|Any CPU
		{DEB2898B-C149-47E1-9948-4022DD4F2A59}.Release|x64.ActiveCfg = Release|Any CPU
		{DEB2898B-C149-47E1-9948-4022DD4F2A59}.Release|x64.Build.0 = Release|Any CPU
		{DEB2898B-C149-47E1-9948-4022DD4F2A59}.Release|x86.ActiveCfg = Release|Any CPU
		{DEB2898B-C149-47E1-9948-4022DD4F2A59}.Release|x86.Build.0 = Release|Any CPU
		{7B99FE54-40DF-4A7D-9B31-157DFA4D7689}.Debug|Any CPU.ActiveCfg = Debug|Any CPU
		{7B99FE54-40DF-4A7D-9B31-157DFA4D7689}.Debug|Any CPU.Build.0 = Debug|Any CPU
		{7B99FE54-40DF-4A7D-9B31-157DFA4D7689}.Debug|ARM.ActiveCfg = Debug|Any CPU
		{7B99FE54-40DF-4A7D-9B31-157DFA4D7689}.Debug|ARM.Build.0 = Debug|Any CPU
		{7B99FE54-40DF-4A7D-9B31-157DFA4D7689}.Debug|ARM64.ActiveCfg = Debug|Any CPU
		{7B99FE54-40DF-4A7D-9B31-157DFA4D7689}.Debug|ARM64.Build.0 = Debug|Any CPU
		{7B99FE54-40DF-4A7D-9B31-157DFA4D7689}.Debug|x64.ActiveCfg = Debug|Any CPU
		{7B99FE54-40DF-4A7D-9B31-157DFA4D7689}.Debug|x64.Build.0 = Debug|Any CPU
		{7B99FE54-40DF-4A7D-9B31-157DFA4D7689}.Debug|x86.ActiveCfg = Debug|Any CPU
		{7B99FE54-40DF-4A7D-9B31-157DFA4D7689}.Debug|x86.Build.0 = Debug|Any CPU
		{7B99FE54-40DF-4A7D-9B31-157DFA4D7689}.Release|Any CPU.ActiveCfg = Release|Any CPU
		{7B99FE54-40DF-4A7D-9B31-157DFA4D7689}.Release|Any CPU.Build.0 = Release|Any CPU
		{7B99FE54-40DF-4A7D-9B31-157DFA4D7689}.Release|ARM.ActiveCfg = Release|Any CPU
		{7B99FE54-40DF-4A7D-9B31-157DFA4D7689}.Release|ARM.Build.0 = Release|Any CPU
		{7B99FE54-40DF-4A7D-9B31-157DFA4D7689}.Release|ARM64.ActiveCfg = Release|Any CPU
		{7B99FE54-40DF-4A7D-9B31-157DFA4D7689}.Release|ARM64.Build.0 = Release|Any CPU
		{7B99FE54-40DF-4A7D-9B31-157DFA4D7689}.Release|x64.ActiveCfg = Release|Any CPU
		{7B99FE54-40DF-4A7D-9B31-157DFA4D7689}.Release|x64.Build.0 = Release|Any CPU
		{7B99FE54-40DF-4A7D-9B31-157DFA4D7689}.Release|x86.ActiveCfg = Release|Any CPU
		{7B99FE54-40DF-4A7D-9B31-157DFA4D7689}.Release|x86.Build.0 = Release|Any CPU
		{C93D0CD0-EC04-4524-87FE-D16986A1C146}.Debug|Any CPU.ActiveCfg = Debug|Any CPU
		{C93D0CD0-EC04-4524-87FE-D16986A1C146}.Debug|Any CPU.Build.0 = Debug|Any CPU
		{C93D0CD0-EC04-4524-87FE-D16986A1C146}.Debug|ARM.ActiveCfg = Debug|Any CPU
		{C93D0CD0-EC04-4524-87FE-D16986A1C146}.Debug|ARM.Build.0 = Debug|Any CPU
		{C93D0CD0-EC04-4524-87FE-D16986A1C146}.Debug|ARM64.ActiveCfg = Debug|Any CPU
		{C93D0CD0-EC04-4524-87FE-D16986A1C146}.Debug|ARM64.Build.0 = Debug|Any CPU
		{C93D0CD0-EC04-4524-87FE-D16986A1C146}.Debug|x64.ActiveCfg = Debug|Any CPU
		{C93D0CD0-EC04-4524-87FE-D16986A1C146}.Debug|x64.Build.0 = Debug|Any CPU
		{C93D0CD0-EC04-4524-87FE-D16986A1C146}.Debug|x86.ActiveCfg = Debug|Any CPU
		{C93D0CD0-EC04-4524-87FE-D16986A1C146}.Debug|x86.Build.0 = Debug|Any CPU
		{C93D0CD0-EC04-4524-87FE-D16986A1C146}.Release|Any CPU.ActiveCfg = Release|Any CPU
		{C93D0CD0-EC04-4524-87FE-D16986A1C146}.Release|Any CPU.Build.0 = Release|Any CPU
		{C93D0CD0-EC04-4524-87FE-D16986A1C146}.Release|ARM.ActiveCfg = Release|Any CPU
		{C93D0CD0-EC04-4524-87FE-D16986A1C146}.Release|ARM.Build.0 = Release|Any CPU
		{C93D0CD0-EC04-4524-87FE-D16986A1C146}.Release|ARM64.ActiveCfg = Release|Any CPU
		{C93D0CD0-EC04-4524-87FE-D16986A1C146}.Release|ARM64.Build.0 = Release|Any CPU
		{C93D0CD0-EC04-4524-87FE-D16986A1C146}.Release|x64.ActiveCfg = Release|Any CPU
		{C93D0CD0-EC04-4524-87FE-D16986A1C146}.Release|x64.Build.0 = Release|Any CPU
		{C93D0CD0-EC04-4524-87FE-D16986A1C146}.Release|x86.ActiveCfg = Release|Any CPU
		{C93D0CD0-EC04-4524-87FE-D16986A1C146}.Release|x86.Build.0 = Release|Any CPU
		{687BF9D5-9211-4AEB-9643-33737B743DC1}.Debug|Any CPU.ActiveCfg = Debug|Any CPU
		{687BF9D5-9211-4AEB-9643-33737B743DC1}.Debug|Any CPU.Build.0 = Debug|Any CPU
		{687BF9D5-9211-4AEB-9643-33737B743DC1}.Debug|ARM.ActiveCfg = Debug|Any CPU
		{687BF9D5-9211-4AEB-9643-33737B743DC1}.Debug|ARM.Build.0 = Debug|Any CPU
		{687BF9D5-9211-4AEB-9643-33737B743DC1}.Debug|ARM64.ActiveCfg = Debug|Any CPU
		{687BF9D5-9211-4AEB-9643-33737B743DC1}.Debug|ARM64.Build.0 = Debug|Any CPU
		{687BF9D5-9211-4AEB-9643-33737B743DC1}.Debug|x64.ActiveCfg = Debug|Any CPU
		{687BF9D5-9211-4AEB-9643-33737B743DC1}.Debug|x64.Build.0 = Debug|Any CPU
		{687BF9D5-9211-4AEB-9643-33737B743DC1}.Debug|x86.ActiveCfg = Debug|Any CPU
		{687BF9D5-9211-4AEB-9643-33737B743DC1}.Debug|x86.Build.0 = Debug|Any CPU
		{687BF9D5-9211-4AEB-9643-33737B743DC1}.Release|Any CPU.ActiveCfg = Release|Any CPU
		{687BF9D5-9211-4AEB-9643-33737B743DC1}.Release|Any CPU.Build.0 = Release|Any CPU
		{687BF9D5-9211-4AEB-9643-33737B743DC1}.Release|ARM.ActiveCfg = Release|Any CPU
		{687BF9D5-9211-4AEB-9643-33737B743DC1}.Release|ARM.Build.0 = Release|Any CPU
		{687BF9D5-9211-4AEB-9643-33737B743DC1}.Release|ARM64.ActiveCfg = Release|Any CPU
		{687BF9D5-9211-4AEB-9643-33737B743DC1}.Release|ARM64.Build.0 = Release|Any CPU
		{687BF9D5-9211-4AEB-9643-33737B743DC1}.Release|x64.ActiveCfg = Release|Any CPU
		{687BF9D5-9211-4AEB-9643-33737B743DC1}.Release|x64.Build.0 = Release|Any CPU
		{687BF9D5-9211-4AEB-9643-33737B743DC1}.Release|x86.ActiveCfg = Release|Any CPU
		{687BF9D5-9211-4AEB-9643-33737B743DC1}.Release|x86.Build.0 = Release|Any CPU
		{A7A171D6-72AA-47CB-B962-225845FA68C1}.Debug|Any CPU.ActiveCfg = Debug|Any CPU
		{A7A171D6-72AA-47CB-B962-225845FA68C1}.Debug|Any CPU.Build.0 = Debug|Any CPU
		{A7A171D6-72AA-47CB-B962-225845FA68C1}.Debug|ARM.ActiveCfg = Debug|Any CPU
		{A7A171D6-72AA-47CB-B962-225845FA68C1}.Debug|ARM.Build.0 = Debug|Any CPU
		{A7A171D6-72AA-47CB-B962-225845FA68C1}.Debug|ARM64.ActiveCfg = Debug|Any CPU
		{A7A171D6-72AA-47CB-B962-225845FA68C1}.Debug|ARM64.Build.0 = Debug|Any CPU
		{A7A171D6-72AA-47CB-B962-225845FA68C1}.Debug|x64.ActiveCfg = Debug|Any CPU
		{A7A171D6-72AA-47CB-B962-225845FA68C1}.Debug|x64.Build.0 = Debug|Any CPU
		{A7A171D6-72AA-47CB-B962-225845FA68C1}.Debug|x86.ActiveCfg = Debug|Any CPU
		{A7A171D6-72AA-47CB-B962-225845FA68C1}.Debug|x86.Build.0 = Debug|Any CPU
		{A7A171D6-72AA-47CB-B962-225845FA68C1}.Release|Any CPU.ActiveCfg = Release|Any CPU
		{A7A171D6-72AA-47CB-B962-225845FA68C1}.Release|Any CPU.Build.0 = Release|Any CPU
		{A7A171D6-72AA-47CB-B962-225845FA68C1}.Release|ARM.ActiveCfg = Release|Any CPU
		{A7A171D6-72AA-47CB-B962-225845FA68C1}.Release|ARM.Build.0 = Release|Any CPU
		{A7A171D6-72AA-47CB-B962-225845FA68C1}.Release|ARM64.ActiveCfg = Release|Any CPU
		{A7A171D6-72AA-47CB-B962-225845FA68C1}.Release|ARM64.Build.0 = Release|Any CPU
		{A7A171D6-72AA-47CB-B962-225845FA68C1}.Release|x64.ActiveCfg = Release|Any CPU
		{A7A171D6-72AA-47CB-B962-225845FA68C1}.Release|x64.Build.0 = Release|Any CPU
		{A7A171D6-72AA-47CB-B962-225845FA68C1}.Release|x86.ActiveCfg = Release|Any CPU
		{A7A171D6-72AA-47CB-B962-225845FA68C1}.Release|x86.Build.0 = Release|Any CPU
		{D0DBF3C5-DFD4-414D-8FE9-E89A2A941778}.Debug|Any CPU.ActiveCfg = Debug|Any CPU
		{D0DBF3C5-DFD4-414D-8FE9-E89A2A941778}.Debug|Any CPU.Build.0 = Debug|Any CPU
		{D0DBF3C5-DFD4-414D-8FE9-E89A2A941778}.Debug|ARM.ActiveCfg = Debug|Any CPU
		{D0DBF3C5-DFD4-414D-8FE9-E89A2A941778}.Debug|ARM.Build.0 = Debug|Any CPU
		{D0DBF3C5-DFD4-414D-8FE9-E89A2A941778}.Debug|ARM64.ActiveCfg = Debug|Any CPU
		{D0DBF3C5-DFD4-414D-8FE9-E89A2A941778}.Debug|ARM64.Build.0 = Debug|Any CPU
		{D0DBF3C5-DFD4-414D-8FE9-E89A2A941778}.Debug|x64.ActiveCfg = Debug|Any CPU
		{D0DBF3C5-DFD4-414D-8FE9-E89A2A941778}.Debug|x64.Build.0 = Debug|Any CPU
		{D0DBF3C5-DFD4-414D-8FE9-E89A2A941778}.Debug|x86.ActiveCfg = Debug|Any CPU
		{D0DBF3C5-DFD4-414D-8FE9-E89A2A941778}.Debug|x86.Build.0 = Debug|Any CPU
		{D0DBF3C5-DFD4-414D-8FE9-E89A2A941778}.Release|Any CPU.ActiveCfg = Release|Any CPU
		{D0DBF3C5-DFD4-414D-8FE9-E89A2A941778}.Release|Any CPU.Build.0 = Release|Any CPU
		{D0DBF3C5-DFD4-414D-8FE9-E89A2A941778}.Release|ARM.ActiveCfg = Release|Any CPU
		{D0DBF3C5-DFD4-414D-8FE9-E89A2A941778}.Release|ARM.Build.0 = Release|Any CPU
		{D0DBF3C5-DFD4-414D-8FE9-E89A2A941778}.Release|ARM64.ActiveCfg = Release|Any CPU
		{D0DBF3C5-DFD4-414D-8FE9-E89A2A941778}.Release|ARM64.Build.0 = Release|Any CPU
		{D0DBF3C5-DFD4-414D-8FE9-E89A2A941778}.Release|x64.ActiveCfg = Release|Any CPU
		{D0DBF3C5-DFD4-414D-8FE9-E89A2A941778}.Release|x64.Build.0 = Release|Any CPU
		{D0DBF3C5-DFD4-414D-8FE9-E89A2A941778}.Release|x86.ActiveCfg = Release|Any CPU
		{D0DBF3C5-DFD4-414D-8FE9-E89A2A941778}.Release|x86.Build.0 = Release|Any CPU
	EndGlobalSection
	GlobalSection(SolutionProperties) = preSolution
		HideSolutionNode = FALSE
	EndGlobalSection
	GlobalSection(NestedProjects) = preSolution
		{68AB285C-1425-4375-939C-C82F9980B931} = {B71A925F-1B2E-4841-A31F-F8A7B7B10D4A}
		{895C62E3-852A-43D3-A861-6AC60B58A42C} = {B71A925F-1B2E-4841-A31F-F8A7B7B10D4A}
		{9B8C4DDC-9B7B-4C63-8B83-426992A42834} = {B71A925F-1B2E-4841-A31F-F8A7B7B10D4A}
		{9268C7E0-2B6A-41F0-81B5-A334A8195E87} = {585D53A0-56FA-4DB2-A413-B3AF78115498}
		{EBD29507-D58C-4E20-810B-8B4B1AB5A5BF} = {B71A925F-1B2E-4841-A31F-F8A7B7B10D4A}
		{C60520FB-2242-4DA8-AA8F-614F5377C6AB} = {EBD29507-D58C-4E20-810B-8B4B1AB5A5BF}
		{D9AF8727-4560-48F8-A5BA-B1C092A9487A} = {EBD29507-D58C-4E20-810B-8B4B1AB5A5BF}
		{5FC2F394-EFA2-43B8-B8AA-B968A3D88944} = {B71A925F-1B2E-4841-A31F-F8A7B7B10D4A}
		{604F6F50-9E9A-4472-88E6-2C30DAF1830F} = {5FC2F394-EFA2-43B8-B8AA-B968A3D88944}
		{D80E88EC-4108-4D18-9CBC-364152BDBECD} = {EBD29507-D58C-4E20-810B-8B4B1AB5A5BF}
		{3953C37B-196E-45E3-ACF2-4227420FB918} = {585D53A0-56FA-4DB2-A413-B3AF78115498}
		{A54CA587-C709-4415-8955-1DB252C544DB} = {EBD29507-D58C-4E20-810B-8B4B1AB5A5BF}
		{A8639B23-3F4D-4C59-ACE3-88EF37B173B3} = {5FC2F394-EFA2-43B8-B8AA-B968A3D88944}
		{9C16957F-70D0-4C01-811B-3D05DC36037A} = {5FC2F394-EFA2-43B8-B8AA-B968A3D88944}
		{27B591FB-6FF4-48BD-BFD4-1E28CC5644F6} = {EBD29507-D58C-4E20-810B-8B4B1AB5A5BF}
		{DB322074-41F5-44A9-884C-0F7E2844CD71} = {EBD29507-D58C-4E20-810B-8B4B1AB5A5BF}
		{DEB2898B-C149-47E1-9948-4022DD4F2A59} = {B71A925F-1B2E-4841-A31F-F8A7B7B10D4A}
		{7B99FE54-40DF-4A7D-9B31-157DFA4D7689} = {5FC2F394-EFA2-43B8-B8AA-B968A3D88944}
		{C93D0CD0-EC04-4524-87FE-D16986A1C146} = {EBD29507-D58C-4E20-810B-8B4B1AB5A5BF}
		{687BF9D5-9211-4AEB-9643-33737B743DC1} = {B71A925F-1B2E-4841-A31F-F8A7B7B10D4A}
		{A7A171D6-72AA-47CB-B962-225845FA68C1} = {B71A925F-1B2E-4841-A31F-F8A7B7B10D4A}
	EndGlobalSection
	GlobalSection(ExtensibilityGlobals) = postSolution
		SolutionGuid = {A1970C20-E7ED-483A-9306-6FA9CECBBD29}
	EndGlobalSection
EndGlobal
