
Microsoft Visual Studio Solution File, Format Version 12.00
# Visual Studio 15
VisualStudioVersion = 15.0.27703.2026
MinimumVisualStudioVersion = 10.0.40219.1
Project("{FAE04EC0-301F-11D3-BF4B-00C04F79EFBC}") = "KioskBrains.Proxy.Web", "KioskBrains.Proxy.Web\KioskBrains.Proxy.Web.csproj", "{ED8B0781-BEC0-47DF-AB52-E474E01BA16A}"
EndProject
Project("{FAE04EC0-301F-11D3-BF4B-00C04F79EFBC}") = "KioskBrains.Proxy.Common", "KioskBrains.Proxy.Common\KioskBrains.Proxy.Common.csproj", "{4B955522-35DB-4B76-AE84-D60E570428E7}"
EndProject
Global
	GlobalSection(SolutionConfigurationPlatforms) = preSolution
		Debug|Any CPU = Debug|Any CPU
		Release|Any CPU = Release|Any CPU
	EndGlobalSection
	GlobalSection(ProjectConfigurationPlatforms) = postSolution
		{ED8B0781-BEC0-47DF-AB52-E474E01BA16A}.Debug|Any CPU.ActiveCfg = Debug|Any CPU
		{ED8B0781-BEC0-47DF-AB52-E474E01BA16A}.Debug|Any CPU.Build.0 = Debug|Any CPU
		{ED8B0781-BEC0-47DF-AB52-E474E01BA16A}.Release|Any CPU.ActiveCfg = Release|Any CPU
		{ED8B0781-BEC0-47DF-AB52-E474E01BA16A}.Release|Any CPU.Build.0 = Release|Any CPU
		{4B955522-35DB-4B76-AE84-D60E570428E7}.Debug|Any CPU.ActiveCfg = Debug|Any CPU
		{4B955522-35DB-4B76-AE84-D60E570428E7}.Debug|Any CPU.Build.0 = Debug|Any CPU
		{4B955522-35DB-4B76-AE84-D60E570428E7}.Release|Any CPU.ActiveCfg = Release|Any CPU
		{4B955522-35DB-4B76-AE84-D60E570428E7}.Release|Any CPU.Build.0 = Release|Any CPU
	EndGlobalSection
	GlobalSection(SolutionProperties) = preSolution
		HideSolutionNode = FALSE
	EndGlobalSection
	GlobalSection(ExtensibilityGlobals) = postSolution
		SolutionGuid = {67B82F3E-F802-4C01-951C-5E804689ACB5}
	EndGlobalSection
EndGlobal
