
Microsoft Visual Studio Solution File, Format Version 12.00
# Visual Studio 15
VisualStudioVersion = 15.0.28307.168
MinimumVisualStudioVersion = 10.0.40219.1
Project("{FAE04EC0-301F-11D3-BF4B-00C04F79EFBC}") = "AllegroCategoryParser", "AllegroCategoryParser\AllegroCategoryParser.csproj", "{E050F093-A704-4E75-9AB5-D07B47EF984F}"
EndProject
Project("{9A19103F-16F7-4668-BE54-9A1E7A4F7556}") = "KioskBrains.Common", "..\..\..\Sources\Common\KioskBrains.Common\KioskBrains.Common.csproj", "{9D0F7C40-4863-498D-9BF6-E951C9146ECB}"
EndProject
Project("{9A19103F-16F7-4668-BE54-9A1E7A4F7556}") = "KioskBrains.Common.EK", "..\..\..\Sources\Common\KioskBrains.Common.EK\KioskBrains.Common.EK.csproj", "{ABE25D90-9B09-4412-A6DB-261440B46835}"
EndProject
Project("{2150E333-8FDC-42A3-9474-1A3956D46DE8}") = "Common", "Common", "{0474F33D-8D03-478B-8EEB-6D58081C0087}"
EndProject
Global
	GlobalSection(SolutionConfigurationPlatforms) = preSolution
		Debug|Any CPU = Debug|Any CPU
		Release|Any CPU = Release|Any CPU
	EndGlobalSection
	GlobalSection(ProjectConfigurationPlatforms) = postSolution
		{E050F093-A704-4E75-9AB5-D07B47EF984F}.Debug|Any CPU.ActiveCfg = Debug|Any CPU
		{E050F093-A704-4E75-9AB5-D07B47EF984F}.Debug|Any CPU.Build.0 = Debug|Any CPU
		{E050F093-A704-4E75-9AB5-D07B47EF984F}.Release|Any CPU.ActiveCfg = Release|Any CPU
		{E050F093-A704-4E75-9AB5-D07B47EF984F}.Release|Any CPU.Build.0 = Release|Any CPU
		{9D0F7C40-4863-498D-9BF6-E951C9146ECB}.Debug|Any CPU.ActiveCfg = Debug|Any CPU
		{9D0F7C40-4863-498D-9BF6-E951C9146ECB}.Debug|Any CPU.Build.0 = Debug|Any CPU
		{9D0F7C40-4863-498D-9BF6-E951C9146ECB}.Release|Any CPU.ActiveCfg = Release|Any CPU
		{9D0F7C40-4863-498D-9BF6-E951C9146ECB}.Release|Any CPU.Build.0 = Release|Any CPU
		{ABE25D90-9B09-4412-A6DB-261440B46835}.Debug|Any CPU.ActiveCfg = Debug|Any CPU
		{ABE25D90-9B09-4412-A6DB-261440B46835}.Debug|Any CPU.Build.0 = Debug|Any CPU
		{ABE25D90-9B09-4412-A6DB-261440B46835}.Release|Any CPU.ActiveCfg = Release|Any CPU
		{ABE25D90-9B09-4412-A6DB-261440B46835}.Release|Any CPU.Build.0 = Release|Any CPU
	EndGlobalSection
	GlobalSection(SolutionProperties) = preSolution
		HideSolutionNode = FALSE
	EndGlobalSection
	GlobalSection(NestedProjects) = preSolution
		{9D0F7C40-4863-498D-9BF6-E951C9146ECB} = {0474F33D-8D03-478B-8EEB-6D58081C0087}
		{ABE25D90-9B09-4412-A6DB-261440B46835} = {0474F33D-8D03-478B-8EEB-6D58081C0087}
	EndGlobalSection
	GlobalSection(ExtensibilityGlobals) = postSolution
		SolutionGuid = {9BF3A1D7-2DC8-4478-B7B3-AB5514458BD6}
	EndGlobalSection
EndGlobal
